// !$*UTF8*$!
{
	archiveVersion = 1;
	classes = {
	};
	objectVersion = 46;
	objects = {

/* Begin PBXBuildFile section */
		A23DFF83198303F200B764A1 /* SignUpViewController.swift in Sources */ = {isa = PBXBuildFile; fileRef = A23DFF82198303F200B764A1 /* SignUpViewController.swift */; };
		A2616DAA197E43AD008F72F7 /* AppDelegate.swift in Sources */ = {isa = PBXBuildFile; fileRef = A2616DA9197E43AD008F72F7 /* AppDelegate.swift */; };
		A2616DAC197E43AD008F72F7 /* LogInViewController.swift in Sources */ = {isa = PBXBuildFile; fileRef = A2616DAB197E43AD008F72F7 /* LogInViewController.swift */; };
		A2616DAF197E43AD008F72F7 /* Main.storyboard in Resources */ = {isa = PBXBuildFile; fileRef = A2616DAD197E43AD008F72F7 /* Main.storyboard */; };
		A2616DB1197E43AD008F72F7 /* Images.xcassets in Resources */ = {isa = PBXBuildFile; fileRef = A2616DB0197E43AD008F72F7 /* Images.xcassets */; };
		A2616DBD197E43AD008F72F7 /* FormValidatorTests.swift in Sources */ = {isa = PBXBuildFile; fileRef = A2616DBC197E43AD008F72F7 /* FormValidatorTests.swift */; };
		A2616DC8197E43D2008F72F7 /* Validator.swift in Sources */ = {isa = PBXBuildFile; fileRef = A2616DC7197E43D2008F72F7 /* Validator.swift */; };
/* End PBXBuildFile section */

/* Begin PBXContainerItemProxy section */
		A2616DB7197E43AD008F72F7 /* PBXContainerItemProxy */ = {
			isa = PBXContainerItemProxy;
			containerPortal = A2616D9C197E43AD008F72F7 /* Project object */;
			proxyType = 1;
			remoteGlobalIDString = A2616DA3197E43AD008F72F7;
			remoteInfo = FormValidator;
		};
/* End PBXContainerItemProxy section */

/* Begin PBXFileReference section */
		A23DFF82198303F200B764A1 /* SignUpViewController.swift */ = {isa = PBXFileReference; fileEncoding = 4; lastKnownFileType = sourcecode.swift; path = SignUpViewController.swift; sourceTree = "<group>"; };
		A2616DA4197E43AD008F72F7 /* FormValidator.app */ = {isa = PBXFileReference; explicitFileType = wrapper.application; includeInIndex = 0; path = FormValidator.app; sourceTree = BUILT_PRODUCTS_DIR; };
		A2616DA8197E43AD008F72F7 /* Info.plist */ = {isa = PBXFileReference; lastKnownFileType = text.plist.xml; path = Info.plist; sourceTree = "<group>"; };
		A2616DA9197E43AD008F72F7 /* AppDelegate.swift */ = {isa = PBXFileReference; lastKnownFileType = sourcecode.swift; path = AppDelegate.swift; sourceTree = "<group>"; };
		A2616DAB197E43AD008F72F7 /* LogInViewController.swift */ = {isa = PBXFileReference; lastKnownFileType = sourcecode.swift; path = LogInViewController.swift; sourceTree = "<group>"; };
		A2616DAE197E43AD008F72F7 /* Base */ = {isa = PBXFileReference; lastKnownFileType = file.storyboard; name = Base; path = Base.lproj/Main.storyboard; sourceTree = "<group>"; };
		A2616DB0197E43AD008F72F7 /* Images.xcassets */ = {isa = PBXFileReference; lastKnownFileType = folder.assetcatalog; path = Images.xcassets; sourceTree = "<group>"; };
		A2616DB6197E43AD008F72F7 /* FormValidatorTests.xctest */ = {isa = PBXFileReference; explicitFileType = wrapper.cfbundle; includeInIndex = 0; path = FormValidatorTests.xctest; sourceTree = BUILT_PRODUCTS_DIR; };
		A2616DBB197E43AD008F72F7 /* Info.plist */ = {isa = PBXFileReference; lastKnownFileType = text.plist.xml; path = Info.plist; sourceTree = "<group>"; };
		A2616DBC197E43AD008F72F7 /* FormValidatorTests.swift */ = {isa = PBXFileReference; lastKnownFileType = sourcecode.swift; path = FormValidatorTests.swift; sourceTree = "<group>"; };
		A2616DC7197E43D2008F72F7 /* Validator.swift */ = {isa = PBXFileReference; fileEncoding = 4; lastKnownFileType = sourcecode.swift; path = Validator.swift; sourceTree = "<group>"; };
		A2AA5A2D1986A56100030E28 /* FormValidator.playground */ = {isa = PBXFileReference; lastKnownFileType = file.playground; path = FormValidator.playground; sourceTree = "<group>"; };
/* End PBXFileReference section */

/* Begin PBXFrameworksBuildPhase section */
		A2616DA1197E43AD008F72F7 /* Frameworks */ = {
			isa = PBXFrameworksBuildPhase;
			buildActionMask = 2147483647;
			files = (
			);
			runOnlyForDeploymentPostprocessing = 0;
		};
		A2616DB3197E43AD008F72F7 /* Frameworks */ = {
			isa = PBXFrameworksBuildPhase;
			buildActionMask = 2147483647;
			files = (
			);
			runOnlyForDeploymentPostprocessing = 0;
		};
/* End PBXFrameworksBuildPhase section */

/* Begin PBXGroup section */
		A2616D9B197E43AD008F72F7 = {
			isa = PBXGroup;
			children = (
				A2616DA6197E43AD008F72F7 /* FormValidator */,
				A2616DB9197E43AD008F72F7 /* FormValidatorTests */,
				A2616DA5197E43AD008F72F7 /* Products */,
			);
			sourceTree = "<group>";
		};
		A2616DA5197E43AD008F72F7 /* Products */ = {
			isa = PBXGroup;
			children = (
				A2616DA4197E43AD008F72F7 /* FormValidator.app */,
				A2616DB6197E43AD008F72F7 /* FormValidatorTests.xctest */,
			);
			name = Products;
			sourceTree = "<group>";
		};
		A2616DA6197E43AD008F72F7 /* FormValidator */ = {
			isa = PBXGroup;
			children = (
				A2AA5A2D1986A56100030E28 /* FormValidator.playground */,
				A2616DA9197E43AD008F72F7 /* AppDelegate.swift */,
				A2616DAB197E43AD008F72F7 /* LogInViewController.swift */,
				A23DFF82198303F200B764A1 /* SignUpViewController.swift */,
				A2616DC6197E43B6008F72F7 /* Validator */,
				A2616DAD197E43AD008F72F7 /* Main.storyboard */,
				A2616DB0197E43AD008F72F7 /* Images.xcassets */,
				A2616DA7197E43AD008F72F7 /* Supporting Files */,
			);
			path = FormValidator;
			sourceTree = "<group>";
		};
		A2616DA7197E43AD008F72F7 /* Supporting Files */ = {
			isa = PBXGroup;
			children = (
				A2616DA8197E43AD008F72F7 /* Info.plist */,
			);
			name = "Supporting Files";
			sourceTree = "<group>";
		};
		A2616DB9197E43AD008F72F7 /* FormValidatorTests */ = {
			isa = PBXGroup;
			children = (
				A2616DBC197E43AD008F72F7 /* FormValidatorTests.swift */,
				A2616DBA197E43AD008F72F7 /* Supporting Files */,
			);
			path = FormValidatorTests;
			sourceTree = "<group>";
		};
		A2616DBA197E43AD008F72F7 /* Supporting Files */ = {
			isa = PBXGroup;
			children = (
				A2616DBB197E43AD008F72F7 /* Info.plist */,
			);
			name = "Supporting Files";
			sourceTree = "<group>";
		};
		A2616DC6197E43B6008F72F7 /* Validator */ = {
			isa = PBXGroup;
			children = (
				A2616DC7197E43D2008F72F7 /* Validator.swift */,
			);
			name = Validator;
			sourceTree = "<group>";
		};
/* End PBXGroup section */

/* Begin PBXNativeTarget section */
		A2616DA3197E43AD008F72F7 /* FormValidator */ = {
			isa = PBXNativeTarget;
			buildConfigurationList = A2616DC0197E43AD008F72F7 /* Build configuration list for PBXNativeTarget "FormValidator" */;
			buildPhases = (
				A2616DA0197E43AD008F72F7 /* Sources */,
				A2616DA1197E43AD008F72F7 /* Frameworks */,
				A2616DA2197E43AD008F72F7 /* Resources */,
			);
			buildRules = (
			);
			dependencies = (
			);
			name = FormValidator;
			productName = FormValidator;
			productReference = A2616DA4197E43AD008F72F7 /* FormValidator.app */;
			productType = "com.apple.product-type.application";
		};
		A2616DB5197E43AD008F72F7 /* FormValidatorTests */ = {
			isa = PBXNativeTarget;
			buildConfigurationList = A2616DC3197E43AD008F72F7 /* Build configuration list for PBXNativeTarget "FormValidatorTests" */;
			buildPhases = (
				A2616DB2197E43AD008F72F7 /* Sources */,
				A2616DB3197E43AD008F72F7 /* Frameworks */,
				A2616DB4197E43AD008F72F7 /* Resources */,
			);
			buildRules = (
			);
			dependencies = (
				A2616DB8197E43AD008F72F7 /* PBXTargetDependency */,
			);
			name = FormValidatorTests;
			productName = FormValidatorTests;
			productReference = A2616DB6197E43AD008F72F7 /* FormValidatorTests.xctest */;
			productType = "com.apple.product-type.bundle.unit-test";
		};
/* End PBXNativeTarget section */

/* Begin PBXProject section */
		A2616D9C197E43AD008F72F7 /* Project object */ = {
			isa = PBXProject;
			attributes = {
				LastUpgradeCheck = 0600;
				ORGANIZATIONNAME = "Luca Torella";
				TargetAttributes = {
					A2616DA3197E43AD008F72F7 = {
						CreatedOnToolsVersion = 6.0;
					};
					A2616DB5197E43AD008F72F7 = {
						CreatedOnToolsVersion = 6.0;
						TestTargetID = A2616DA3197E43AD008F72F7;
					};
				};
			};
			buildConfigurationList = A2616D9F197E43AD008F72F7 /* Build configuration list for PBXProject "FormValidator" */;
			compatibilityVersion = "Xcode 3.2";
			developmentRegion = English;
			hasScannedForEncodings = 0;
			knownRegions = (
				en,
				Base,
			);
			mainGroup = A2616D9B197E43AD008F72F7;
			productRefGroup = A2616DA5197E43AD008F72F7 /* Products */;
			projectDirPath = "";
			projectRoot = "";
			targets = (
				A2616DA3197E43AD008F72F7 /* FormValidator */,
				A2616DB5197E43AD008F72F7 /* FormValidatorTests */,
			);
		};
/* End PBXProject section */

/* Begin PBXResourcesBuildPhase section */
		A2616DA2197E43AD008F72F7 /* Resources */ = {
			isa = PBXResourcesBuildPhase;
			buildActionMask = 2147483647;
			files = (
				A2616DAF197E43AD008F72F7 /* Main.storyboard in Resources */,
				A2616DB1197E43AD008F72F7 /* Images.xcassets in Resources */,
			);
			runOnlyForDeploymentPostprocessing = 0;
		};
		A2616DB4197E43AD008F72F7 /* Resources */ = {
			isa = PBXResourcesBuildPhase;
			buildActionMask = 2147483647;
			files = (
			);
			runOnlyForDeploymentPostprocessing = 0;
		};
/* End PBXResourcesBuildPhase section */

/* Begin PBXSourcesBuildPhase section */
		A2616DA0197E43AD008F72F7 /* Sources */ = {
			isa = PBXSourcesBuildPhase;
			buildActionMask = 2147483647;
			files = (
				A2616DAC197E43AD008F72F7 /* LogInViewController.swift in Sources */,
				A2616DC8197E43D2008F72F7 /* Validator.swift in Sources */,
				A23DFF83198303F200B764A1 /* SignUpViewController.swift in Sources */,
				A2616DAA197E43AD008F72F7 /* AppDelegate.swift in Sources */,
			);
			runOnlyForDeploymentPostprocessing = 0;
		};
		A2616DB2197E43AD008F72F7 /* Sources */ = {
			isa = PBXSourcesBuildPhase;
			buildActionMask = 2147483647;
			files = (
				A2616DBD197E43AD008F72F7 /* FormValidatorTests.swift in Sources */,
			);
			runOnlyForDeploymentPostprocessing = 0;
		};
/* End PBXSourcesBuildPhase section */

/* Begin PBXTargetDependency section */
		A2616DB8197E43AD008F72F7 /* PBXTargetDependency */ = {
			isa = PBXTargetDependency;
			target = A2616DA3197E43AD008F72F7 /* FormValidator */;
			targetProxy = A2616DB7197E43AD008F72F7 /* PBXContainerItemProxy */;
		};
/* End PBXTargetDependency section */

/* Begin PBXVariantGroup section */
		A2616DAD197E43AD008F72F7 /* Main.storyboard */ = {
			isa = PBXVariantGroup;
			children = (
				A2616DAE197E43AD008F72F7 /* Base */,
			);
			name = Main.storyboard;
			sourceTree = "<group>";
		};
/* End PBXVariantGroup section */

/* Begin XCBuildConfiguration section */
		A2616DBE197E43AD008F72F7 /* Debug */ = {
			isa = XCBuildConfiguration;
			buildSettings = {
				ALWAYS_SEARCH_USER_PATHS = NO;
				CLANG_CXX_LANGUAGE_STANDARD = "gnu++0x";
				CLANG_CXX_LIBRARY = "libc++";
				CLANG_ENABLE_MODULES = YES;
				CLANG_ENABLE_OBJC_ARC = YES;
				CLANG_WARN_BOOL_CONVERSION = YES;
				CLANG_WARN_CONSTANT_CONVERSION = YES;
				CLANG_WARN_DIRECT_OBJC_ISA_USAGE = YES_ERROR;
				CLANG_WARN_EMPTY_BODY = YES;
				CLANG_WARN_ENUM_CONVERSION = YES;
				CLANG_WARN_INT_CONVERSION = YES;
				CLANG_WARN_OBJC_ROOT_CLASS = YES_ERROR;
				CLANG_WARN_UNREACHABLE_CODE = YES;
				CLANG_WARN__DUPLICATE_METHOD_MATCH = YES;
				"CODE_SIGN_IDENTITY[sdk=iphoneos*]" = "iPhone Developer";
				COPY_PHASE_STRIP = NO;
				ENABLE_STRICT_OBJC_MSGSEND = YES;
				GCC_C_LANGUAGE_STANDARD = gnu99;
				GCC_DYNAMIC_NO_PIC = NO;
				GCC_OPTIMIZATION_LEVEL = 0;
				GCC_PREPROCESSOR_DEFINITIONS = (
					"DEBUG=1",
					"$(inherited)",
				);
				GCC_SYMBOLS_PRIVATE_EXTERN = NO;
				GCC_WARN_64_TO_32_BIT_CONVERSION = YES;
				GCC_WARN_ABOUT_RETURN_TYPE = YES_ERROR;
				GCC_WARN_UNDECLARED_SELECTOR = YES;
				GCC_WARN_UNINITIALIZED_AUTOS = YES_AGGRESSIVE;
				GCC_WARN_UNUSED_FUNCTION = YES;
				GCC_WARN_UNUSED_VARIABLE = YES;
				IPHONEOS_DEPLOYMENT_TARGET = 8.0;
				MTL_ENABLE_DEBUG_INFO = YES;
				ONLY_ACTIVE_ARCH = YES;
				SDKROOT = iphoneos;
				SWIFT_OPTIMIZATION_LEVEL = "-Onone";
				TARGETED_DEVICE_FAMILY = "1,2";
			};
			name = Debug;
		};
		A2616DBF197E43AD008F72F7 /* Release */ = {
			isa = XCBuildConfiguration;
			buildSettings = {
				ALWAYS_SEARCH_USER_PATHS = NO;
				CLANG_CXX_LANGUAGE_STANDARD = "gnu++0x";
				CLANG_CXX_LIBRARY = "libc++";
				CLANG_ENABLE_MODULES = YES;
				CLANG_ENABLE_OBJC_ARC = YES;
				CLANG_WARN_BOOL_CONVERSION = YES;
				CLANG_WARN_CONSTANT_CONVERSION = YES;
				CLANG_WARN_DIRECT_OBJC_ISA_USAGE = YES_ERROR;
				CLANG_WARN_EMPTY_BODY = YES;
				CLANG_WARN_ENUM_CONVERSION = YES;
				CLANG_WARN_INT_CONVERSION = YES;
				CLANG_WARN_OBJC_ROOT_CLASS = YES_ERROR;
				CLANG_WARN_UNREACHABLE_CODE = YES;
				CLANG_WARN__DUPLICATE_METHOD_MATCH = YES;
				"CODE_SIGN_IDENTITY[sdk=iphoneos*]" = "iPhone Developer";
				COPY_PHASE_STRIP = YES;
				ENABLE_NS_ASSERTIONS = NO;
				ENABLE_STRICT_OBJC_MSGSEND = YES;
				GCC_C_LANGUAGE_STANDARD = gnu99;
				GCC_WARN_64_TO_32_BIT_CONVERSION = YES;
				GCC_WARN_ABOUT_RETURN_TYPE = YES_ERROR;
				GCC_WARN_UNDECLARED_SELECTOR = YES;
				GCC_WARN_UNINITIALIZED_AUTOS = YES_AGGRESSIVE;
				GCC_WARN_UNUSED_FUNCTION = YES;
				GCC_WARN_UNUSED_VARIABLE = YES;
				IPHONEOS_DEPLOYMENT_TARGET = 8.0;
				MTL_ENABLE_DEBUG_INFO = NO;
				SDKROOT = iphoneos;
				TARGETED_DEVICE_FAMILY = "1,2";
				VALIDATE_PRODUCT = YES;
			};
			name = Release;
		};
		A2616DC1197E43AD008F72F7 /* Debug */ = {
			isa = XCBuildConfiguration;
			buildSettings = {
				ASSETCATALOG_COMPILER_APPICON_NAME = AppIcon;
				ASSETCATALOG_COMPILER_LAUNCHIMAGE_NAME = LaunchImage;
				INFOPLIST_FILE = FormValidator/Info.plist;
				LD_RUNPATH_SEARCH_PATHS = "$(inherited) @executable_path/Frameworks";
				PRODUCT_NAME = "$(TARGET_NAME)";
			};
			name = Debug;
		};
		A2616DC2197E43AD008F72F7 /* Release */ = {
			isa = XCBuildConfiguration;
			buildSettings = {
				ASSETCATALOG_COMPILER_APPICON_NAME = AppIcon;
				ASSETCATALOG_COMPILER_LAUNCHIMAGE_NAME = LaunchImage;
				INFOPLIST_FILE = FormValidator/Info.plist;
				LD_RUNPATH_SEARCH_PATHS = "$(inherited) @executable_path/Frameworks";
				PRODUCT_NAME = "$(TARGET_NAME)";
			};
			name = Release;
		};
		A2616DC4197E43AD008F72F7 /* Debug */ = {
			isa = XCBuildConfiguration;
			buildSettings = {
				BUNDLE_LOADER = "$(BUILT_PRODUCTS_DIR)/FormValidator.app/FormValidator";
				FRAMEWORK_SEARCH_PATHS = (
					"$(SDKROOT)/Developer/Library/Frameworks",
					"$(inherited)",
				);
				GCC_PREPROCESSOR_DEFINITIONS = (
					"DEBUG=1",
					"$(inherited)",
				);
				INFOPLIST_FILE = FormValidatorTests/Info.plist;
				LD_RUNPATH_SEARCH_PATHS = "$(inherited) @executable_path/Frameworks @loader_path/Frameworks";
				PRODUCT_NAME = "$(TARGET_NAME)";
				TEST_HOST = "$(BUNDLE_LOADER)";
			};
			name = Debug;
		};
		A2616DC5197E43AD008F72F7 /* Release */ = {
			isa = XCBuildConfiguration;
			buildSettings = {
				BUNDLE_LOADER = "$(BUILT_PRODUCTS_DIR)/FormValidator.app/FormValidator";
				FRAMEWORK_SEARCH_PATHS = (
					"$(SDKROOT)/Developer/Library/Frameworks",
					"$(inherited)",
				);
				INFOPLIST_FILE = FormValidatorTests/Info.plist;
				LD_RUNPATH_SEARCH_PATHS = "$(inherited) @executable_path/Frameworks @loader_path/Frameworks";
				PRODUCT_NAME = "$(TARGET_NAME)";
				TEST_HOST = "$(BUNDLE_LOADER)";
			};
			name = Release;
		};
/* End XCBuildConfiguration section */

/* Begin XCConfigurationList section */
		A2616D9F197E43AD008F72F7 /* Build configuration list for PBXProject "FormValidator" */ = {
			isa = XCConfigurationList;
			buildConfigurations = (
				A2616DBE197E43AD008F72F7 /* Debug */,
				A2616DBF197E43AD008F72F7 /* Release */,
			);
			defaultConfigurationIsVisible = 0;
			defaultConfigurationName = Release;
		};
		A2616DC0197E43AD008F72F7 /* Build configuration list for PBXNativeTarget "FormValidator" */ = {
			isa = XCConfigurationList;
			buildConfigurations = (
				A2616DC1197E43AD008F72F7 /* Debug */,
				A2616DC2197E43AD008F72F7 /* Release */,
			);
			defaultConfigurationIsVisible = 0;
			defaultConfigurationName = Release;
		};
		A2616DC3197E43AD008F72F7 /* Build configuration list for PBXNativeTarget "FormValidatorTests" */ = {
			isa = XCConfigurationList;
			buildConfigurations = (
				A2616DC4197E43AD008F72F7 /* Debug */,
				A2616DC5197E43AD008F72F7 /* Release */,
			);
			defaultConfigurationIsVisible = 0;
			defaultConfigurationName = Release;
		};
/* End XCConfigurationList section */
	};
	rootObject = A2616D9C197E43AD008F72F7 /* Project object */;
}
